# This file is automatically @generated by Cargo.
# It is not intended for manual editing.
version = 4

[[package]]
name = "change-intel"
version = "0.1.0"

[[package]]
name = "daemon"
version = "0.1.0"

[[package]]
name = "eval"
version = "0.1.0"

[[package]]
name = "indexing"
version = "0.1.0"

[[package]]
name = "inference"
version = "0.1.0"

[[package]]
name = "mcp-client"
version = "0.1.0"

[[package]]
name = "retrieval"
version = "0.1.0"

[[package]]
name = "sift-mcp"
version = "0.1.0"

[[package]]
name = "storage"
version = "0.1.0"
